<?xml version="1.0" encoding="UTF-8" standalone="yes" ?>
<CodeBlocks_project_file>
	<FileVersion major="1" minor="6" />
	<Project>
		<Option title="Jogo-RPG" />
		<Option pch_mode="2" />
		<Option compiler="gcc" />
		<Build>
			<Target title="Debug">
				<Option output="bin/Debug/Jogo-RPG" prefix_auto="1" extension_auto="1" />
				<Option object_output="obj/Debug/" />
				<Option type="1" />
				<Option compiler="gcc" />
				<Compiler>
					<Add option="-g" />
				</Compiler>
			</Target>
			<Target title="Release">
				<Option output="bin/Release/Jogo-RPG" prefix_auto="1" extension_auto="1" />
				<Option object_output="obj/Release/" />
				<Option type="1" />
				<Option compiler="gcc" />
				<Compiler>
					<Add option="-O2" />
				</Compiler>
				<Linker>
					<Add option="-s" />
				</Linker>
			</Target>
		</Build>
		<Compiler>
			<Add option="-Wall" />
			<Add option="-fexceptions" />
		</Compiler>
		<Unit filename="#10.txt" />
		<Unit filename="#10I.txt" />
		<Unit filename="#1I.txt" />
		<Unit filename="#1M.txt" />
		<Unit filename="#2I.txt" />
		<Unit filename="#2M.txt" />
		<Unit filename="#3I.txt" />
		<Unit filename="#3M.txt" />
		<Unit filename="#4.txt" />
		<Unit filename="#4I.txt" />
		<Unit filename="#4M.txt" />
		<Unit filename="#5.txt" />
		<Unit filename="#5I.txt" />
		<Unit filename="#5M.txt" />
		<Unit filename="#6I.txt" />
		<Unit filename="#7I.txt" />
		<Unit filename="#8I.txt" />
		<Unit filename="#9I.txt" />
		<Unit filename="Cena.cpp" />
		<Unit filename="Cena.h" />
		<Unit filename="CenaItem.cpp" />
		<Unit filename="CenaItem.h" />
		<Unit filename="CenaMonstro.cpp" />
		<Unit filename="CenaMonstro.h" />
		<Unit filename="Item.cpp" />
		<Unit filename="Item.h" />
		<Unit filename="Monstro.cpp" />
		<Unit filename="Monstro.h" />
		<Unit filename="Personagem.cpp" />
		<Unit filename="Personagem.h" />
		<Unit filename="SalvarHistoria.h" />
		<Unit filename="Tesouro.cpp" />
		<Unit filename="Tesouro.h" />
		<Unit filename="TipoItem.h" />
		<Unit filename="main.cpp" />
		<Extensions>
			<lib_finder disable_auto="1" />
		</Extensions>
	</Project>
</CodeBlocks_project_file>
